
Microsoft Visual Studio Solution File, Format Version 12.00
# Visual Studio Version 16
VisualStudioVersion = 16.0.30804.86
MinimumVisualStudioVersion = 10.0.40219.1
Project("{FAE04EC0-301F-11D3-BF4B-00C04F79EFBC}") = "OdeToFood.Web", "OdeToFood.Web\OdeToFood.Web.csproj", "{2C3C7513-B5B2-441E-87ED-17956EFA6F15}"
EndProject
Project("{FAE04EC0-301F-11D3-BF4B-00C04F79EFBC}") = "OdeToFood.Data", "OdeToFood.Data\OdeToFood.Data.csproj", "{92684F46-89C4-4AC3-8174-56C817FB54F0}"
EndProject
Global
	GlobalSection(SolutionConfigurationPlatforms) = preSolution
		Debug|Any CPU = Debug|Any CPU
		Release|Any CPU = Release|Any CPU
	EndGlobalSection
	GlobalSection(ProjectConfigurationPlatforms) = postSolution
		{2C3C7513-B5B2-441E-87ED-17956EFA6F15}.Debug|Any CPU.ActiveCfg = Debug|Any CPU
		{2C3C7513-B5B2-441E-87ED-17956EFA6F15}.Debug|Any CPU.Build.0 = Debug|Any CPU
		{2C3C7513-B5B2-441E-87ED-17956EFA6F15}.Release|Any CPU.ActiveCfg = Release|Any CPU
		{2C3C7513-B5B2-441E-87ED-17956EFA6F15}.Release|Any CPU.Build.0 = Release|Any CPU
		{92684F46-89C4-4AC3-8174-56C817FB54F0}.Debug|Any CPU.ActiveCfg = Debug|Any CPU
		{92684F46-89C4-4AC3-8174-56C817FB54F0}.Debug|Any CPU.Build.0 = Debug|Any CPU
		{92684F46-89C4-4AC3-8174-56C817FB54F0}.Release|Any CPU.ActiveCfg = Release|Any CPU
		{92684F46-89C4-4AC3-8174-56C817FB54F0}.Release|Any CPU.Build.0 = Release|Any CPU
	EndGlobalSection
	GlobalSection(SolutionProperties) = preSolution
		HideSolutionNode = FALSE
	EndGlobalSection
	GlobalSection(ExtensibilityGlobals) = postSolution
		SolutionGuid = {F38BE5E7-7EF8-4F01-9ED1-12DD14099105}
	EndGlobalSection
EndGlobal
